
Microsoft Visual Studio Solution File, Format Version 12.00
# Visual Studio 15
VisualStudioVersion = 15.0.28307.539
MinimumVisualStudioVersion = 10.0.40219.1
Project("{9A19103F-16F7-4668-BE54-9A1E7A4F7556}") = "Persistence", "Persistence\Persistence.csproj", "{19FBF0D4-8E88-41C6-8B82-3442FEE07E48}"
EndProject
Project("{9A19103F-16F7-4668-BE54-9A1E7A4F7556}") = "Website", "WebApplication\Website.csproj", "{0F58F0D9-5346-4AE2-AFC5-85452DDFF5E3}"
EndProject
Global
	GlobalSection(SolutionConfigurationPlatforms) = preSolution
		Debug|Any CPU = Debug|Any CPU
		Release|Any CPU = Release|Any CPU
	EndGlobalSection
	GlobalSection(ProjectConfigurationPlatforms) = postSolution
		{19FBF0D4-8E88-41C6-8B82-3442FEE07E48}.Debug|Any CPU.ActiveCfg = Debug|Any CPU
		{19FBF0D4-8E88-41C6-8B82-3442FEE07E48}.Debug|Any CPU.Build.0 = Debug|Any CPU
		{19FBF0D4-8E88-41C6-8B82-3442FEE07E48}.Release|Any CPU.ActiveCfg = Release|Any CPU
		{19FBF0D4-8E88-41C6-8B82-3442FEE07E48}.Release|Any CPU.Build.0 = Release|Any CPU
		{0F58F0D9-5346-4AE2-AFC5-85452DDFF5E3}.Debug|Any CPU.ActiveCfg = Debug|Any CPU
		{0F58F0D9-5346-4AE2-AFC5-85452DDFF5E3}.Debug|Any CPU.Build.0 = Debug|Any CPU
		{0F58F0D9-5346-4AE2-AFC5-85452DDFF5E3}.Release|Any CPU.ActiveCfg = Release|Any CPU
		{0F58F0D9-5346-4AE2-AFC5-85452DDFF5E3}.Release|Any CPU.Build.0 = Release|Any CPU
	EndGlobalSection
	GlobalSection(SolutionProperties) = preSolution
		HideSolutionNode = FALSE
	EndGlobalSection
	GlobalSection(ExtensibilityGlobals) = postSolution
		SolutionGuid = {08C30D38-39C4-4362-BDE8-AEEBBADDA2DD}
	EndGlobalSection
EndGlobal
